
Microsoft Visual Studio Solution File, Format Version 12.00
# Visual Studio 15
VisualStudioVersion = 15.0.26430.14
MinimumVisualStudioVersion = 10.0.40219.1
Project("{FAE04EC0-301F-11D3-BF4B-00C04F79EFBC}") = "Assignment7", "Assignment7\Assignment7.csproj", "{21B03BA8-93C2-4EAA-991B-7C11DC544DD5}"
EndProject
Project("{FAE04EC0-301F-11D3-BF4B-00C04F79EFBC}") = "Assignment7.UnitTests", "Assignment7.UnitTests\Assignment7.UnitTests.csproj", "{F81839B2-5C05-4CB5-8103-FF6268FB0B9C}"
EndProject
Project("{FAE04EC0-301F-11D3-BF4B-00C04F79EFBC}") = "v2", "v2\v2.csproj", "{AE6E3788-6560-4886-968B-633E279D01FC}"
EndProject
Project("{FAE04EC0-301F-11D3-BF4B-00C04F79EFBC}") = "v3", "v3\v3.csproj", "{96FFF1A8-7B76-426F-8278-835E424E2470}"
EndProject
Global
	GlobalSection(SolutionConfigurationPlatforms) = preSolution
		Debug|Any CPU = Debug|Any CPU
		Release|Any CPU = Release|Any CPU
	EndGlobalSection
	GlobalSection(ProjectConfigurationPlatforms) = postSolution
		{21B03BA8-93C2-4EAA-991B-7C11DC544DD5}.Debug|Any CPU.ActiveCfg = Debug|Any CPU
		{21B03BA8-93C2-4EAA-991B-7C11DC544DD5}.Debug|Any CPU.Build.0 = Debug|Any CPU
		{21B03BA8-93C2-4EAA-991B-7C11DC544DD5}.Release|Any CPU.ActiveCfg = Release|Any CPU
		{21B03BA8-93C2-4EAA-991B-7C11DC544DD5}.Release|Any CPU.Build.0 = Release|Any CPU
		{F81839B2-5C05-4CB5-8103-FF6268FB0B9C}.Debug|Any CPU.ActiveCfg = Debug|Any CPU
		{F81839B2-5C05-4CB5-8103-FF6268FB0B9C}.Debug|Any CPU.Build.0 = Debug|Any CPU
		{F81839B2-5C05-4CB5-8103-FF6268FB0B9C}.Release|Any CPU.ActiveCfg = Release|Any CPU
		{F81839B2-5C05-4CB5-8103-FF6268FB0B9C}.Release|Any CPU.Build.0 = Release|Any CPU
		{AE6E3788-6560-4886-968B-633E279D01FC}.Debug|Any CPU.ActiveCfg = Debug|Any CPU
		{AE6E3788-6560-4886-968B-633E279D01FC}.Debug|Any CPU.Build.0 = Debug|Any CPU
		{AE6E3788-6560-4886-968B-633E279D01FC}.Release|Any CPU.ActiveCfg = Release|Any CPU
		{AE6E3788-6560-4886-968B-633E279D01FC}.Release|Any CPU.Build.0 = Release|Any CPU
		{96FFF1A8-7B76-426F-8278-835E424E2470}.Debug|Any CPU.ActiveCfg = Debug|Any CPU
		{96FFF1A8-7B76-426F-8278-835E424E2470}.Debug|Any CPU.Build.0 = Debug|Any CPU
		{96FFF1A8-7B76-426F-8278-835E424E2470}.Release|Any CPU.ActiveCfg = Release|Any CPU
		{96FFF1A8-7B76-426F-8278-835E424E2470}.Release|Any CPU.Build.0 = Release|Any CPU
	EndGlobalSection
	GlobalSection(SolutionProperties) = preSolution
		HideSolutionNode = FALSE
	EndGlobalSection
EndGlobal
# comment
